// !$*UTF8*$!
{
	archiveVersion = 1;
	classes = {
	};
	objectVersion = 46;
	objects = {

/* Begin PBXBuildFile section */
		4D153C591C847454007B2CE7 /* main.m in Sources */ = {isa = PBXBuildFile; fileRef = 4D153C581C847454007B2CE7 /* main.m */; };
		4D153C5C1C847454007B2CE7 /* AppDelegate.m in Sources */ = {isa = PBXBuildFile; fileRef = 4D153C5B1C847454007B2CE7 /* AppDelegate.m */; };
		4D153C5F1C847454007B2CE7 /* ViewController.m in Sources */ = {isa = PBXBuildFile; fileRef = 4D153C5E1C847454007B2CE7 /* ViewController.m */; };
		4D153C621C847454007B2CE7 /* Main.storyboard in Resources */ = {isa = PBXBuildFile; fileRef = 4D153C601C847454007B2CE7 /* Main.storyboard */; };
		4D153C641C847454007B2CE7 /* Assets.xcassets in Resources */ = {isa = PBXBuildFile; fileRef = 4D153C631C847454007B2CE7 /* Assets.xcassets */; };
		4D153C671C847454007B2CE7 /* LaunchScreen.storyboard in Resources */ = {isa = PBXBuildFile; fileRef = 4D153C651C847454007B2CE7 /* LaunchScreen.storyboard */; };
		4D153C721C847454007B2CE7 /* practice2_5_3Tests.m in Sources */ = {isa = PBXBuildFile; fileRef = 4D153C711C847454007B2CE7 /* practice2_5_3Tests.m */; };
		4D153C7D1C847454007B2CE7 /* practice2_5_3UITests.m in Sources */ = {isa = PBXBuildFile; fileRef = 4D153C7C1C847454007B2CE7 /* practice2_5_3UITests.m */; };
/* End PBXBuildFile section */

/* Begin PBXContainerItemProxy section */
		4D153C6E1C847454007B2CE7 /* PBXContainerItemProxy */ = {
			isa = PBXContainerItemProxy;
			containerPortal = 4D153C4C1C847454007B2CE7 /* Project object */;
			proxyType = 1;
			remoteGlobalIDString = 4D153C531C847454007B2CE7;
			remoteInfo = practice2.5.3;
		};
		4D153C791C847454007B2CE7 /* PBXContainerItemProxy */ = {
			isa = PBXContainerItemProxy;
			containerPortal = 4D153C4C1C847454007B2CE7 /* Project object */;
			proxyType = 1;
			remoteGlobalIDString = 4D153C531C847454007B2CE7;
			remoteInfo = practice2.5.3;
		};
/* End PBXContainerItemProxy section */

/* Begin PBXFileReference section */
		4D153C541C847454007B2CE7 /* practice2.5.3.app */ = {isa = PBXFileReference; explicitFileType = wrapper.application; includeInIndex = 0; path = practice2.5.3.app; sourceTree = BUILT_PRODUCTS_DIR; };
		4D153C581C847454007B2CE7 /* main.m */ = {isa = PBXFileReference; lastKnownFileType = sourcecode.c.objc; path = main.m; sourceTree = "<group>"; };
		4D153C5A1C847454007B2CE7 /* AppDelegate.h */ = {isa = PBXFileReference; lastKnownFileType = sourcecode.c.h; path = AppDelegate.h; sourceTree = "<group>"; };
		4D153C5B1C847454007B2CE7 /* AppDelegate.m */ = {isa = PBXFileReference; lastKnownFileType = sourcecode.c.objc; path = AppDelegate.m; sourceTree = "<group>"; };
		4D153C5D1C847454007B2CE7 /* ViewController.h */ = {isa = PBXFileReference; lastKnownFileType = sourcecode.c.h; path = ViewController.h; sourceTree = "<group>"; };
		4D153C5E1C847454007B2CE7 /* ViewController.m */ = {isa = PBXFileReference; lastKnownFileType = sourcecode.c.objc; path = ViewController.m; sourceTree = "<group>"; };
		4D153C611C847454007B2CE7 /* Base */ = {isa = PBXFileReference; lastKnownFileType = file.storyboard; name = Base; path = Base.lproj/Main.storyboard; sourceTree = "<group>"; };
		4D153C631C847454007B2CE7 /* Assets.xcassets */ = {isa = PBXFileReference; lastKnownFileType = folder.assetcatalog; path = Assets.xcassets; sourceTree = "<group>"; };
		4D153C661C847454007B2CE7 /* Base */ = {isa = PBXFileReference; lastKnownFileType = file.storyboard; name = Base; path = Base.lproj/LaunchScreen.storyboard; sourceTree = "<group>"; };
		4D153C681C847454007B2CE7 /* Info.plist */ = {isa = PBXFileReference; lastKnownFileType = text.plist.xml; path = Info.plist; sourceTree = "<group>"; };
		4D153C6D1C847454007B2CE7 /* practice2.5.3Tests.xctest */ = {isa = PBXFileReference; explicitFileType = wrapper.cfbundle; includeInIndex = 0; path = practice2.5.3Tests.xctest; sourceTree = BUILT_PRODUCTS_DIR; };
		4D153C711C847454007B2CE7 /* practice2_5_3Tests.m */ = {isa = PBXFileReference; lastKnownFileType = sourcecode.c.objc; path = practice2_5_3Tests.m; sourceTree = "<group>"; };
		4D153C731C847454007B2CE7 /* Info.plist */ = {isa = PBXFileReference; lastKnownFileType = text.plist.xml; path = Info.plist; sourceTree = "<group>"; };
		4D153C781C847454007B2CE7 /* practice2.5.3UITests.xctest */ = {isa = PBXFileReference; explicitFileType = wrapper.cfbundle; includeInIndex = 0; path = practice2.5.3UITests.xctest; sourceTree = BUILT_PRODUCTS_DIR; };
		4D153C7C1C847454007B2CE7 /* practice2_5_3UITests.m */ = {isa = PBXFileReference; lastKnownFileType = sourcecode.c.objc; path = practice2_5_3UITests.m; sourceTree = "<group>"; };
		4D153C7E1C847454007B2CE7 /* Info.plist */ = {isa = PBXFileReference; lastKnownFileType = text.plist.xml; path = Info.plist; sourceTree = "<group>"; };
/* End PBXFileReference section */

/* Begin PBXFrameworksBuildPhase section */
		4D153C511C847454007B2CE7 /* Frameworks */ = {
			isa = PBXFrameworksBuildPhase;
			buildActionMask = 2147483647;
			files = (
			);
			runOnlyForDeploymentPostprocessing = 0;
		};
		4D153C6A1C847454007B2CE7 /* Frameworks */ = {
			isa = PBXFrameworksBuildPhase;
			buildActionMask = 2147483647;
			files = (
			);
			runOnlyForDeploymentPostprocessing = 0;
		};
		4D153C751C847454007B2CE7 /* Frameworks */ = {
			isa = PBXFrameworksBuildPhase;
			buildActionMask = 2147483647;
			files = (
			);
			runOnlyForDeploymentPostprocessing = 0;
		};
/* End PBXFrameworksBuildPhase section */

/* Begin PBXGroup section */
		4D153C4B1C847454007B2CE7 = {
			isa = PBXGroup;
			children = (
				4D153C561C847454007B2CE7 /* practice2.5.3 */,
				4D153C701C847454007B2CE7 /* practice2.5.3Tests */,
				4D153C7B1C847454007B2CE7 /* practice2.5.3UITests */,
				4D153C551C847454007B2CE7 /* Products */,
			);
			sourceTree = "<group>";
		};
		4D153C551C847454007B2CE7 /* Products */ = {
			isa = PBXGroup;
			children = (
				4D153C541C847454007B2CE7 /* practice2.5.3.app */,
				4D153C6D1C847454007B2CE7 /* practice2.5.3Tests.xctest */,
				4D153C781C847454007B2CE7 /* practice2.5.3UITests.xctest */,
			);
			name = Products;
			sourceTree = "<group>";
		};
		4D153C561C847454007B2CE7 /* practice2.5.3 */ = {
			isa = PBXGroup;
			children = (
				4D153C5A1C847454007B2CE7 /* AppDelegate.h */,
				4D153C5B1C847454007B2CE7 /* AppDelegate.m */,
				4D153C5D1C847454007B2CE7 /* ViewController.h */,
				4D153C5E1C847454007B2CE7 /* ViewController.m */,
				4D153C601C847454007B2CE7 /* Main.storyboard */,
				4D153C631C847454007B2CE7 /* Assets.xcassets */,
				4D153C651C847454007B2CE7 /* LaunchScreen.storyboard */,
				4D153C681C847454007B2CE7 /* Info.plist */,
				4D153C571C847454007B2CE7 /* Supporting Files */,
			);
			path = practice2.5.3;
			sourceTree = "<group>";
		};
		4D153C571C847454007B2CE7 /* Supporting Files */ = {
			isa = PBXGroup;
			children = (
				4D153C581C847454007B2CE7 /* main.m */,
			);
			name = "Supporting Files";
			sourceTree = "<group>";
		};
		4D153C701C847454007B2CE7 /* practice2.5.3Tests */ = {
			isa = PBXGroup;
			children = (
				4D153C711C847454007B2CE7 /* practice2_5_3Tests.m */,
				4D153C731C847454007B2CE7 /* Info.plist */,
			);
			path = practice2.5.3Tests;
			sourceTree = "<group>";
		};
		4D153C7B1C847454007B2CE7 /* practice2.5.3UITests */ = {
			isa = PBXGroup;
			children = (
				4D153C7C1C847454007B2CE7 /* practice2_5_3UITests.m */,
				4D153C7E1C847454007B2CE7 /* Info.plist */,
			);
			path = practice2.5.3UITests;
			sourceTree = "<group>";
		};
/* End PBXGroup section */

/* Begin PBXNativeTarget section */
		4D153C531C847454007B2CE7 /* practice2.5.3 */ = {
			isa = PBXNativeTarget;
			buildConfigurationList = 4D153C811C847454007B2CE7 /* Build configuration list for PBXNativeTarget "practice2.5.3" */;
			buildPhases = (
				4D153C501C847454007B2CE7 /* Sources */,
				4D153C511C847454007B2CE7 /* Frameworks */,
				4D153C521C847454007B2CE7 /* Resources */,
			);
			buildRules = (
			);
			dependencies = (
			);
			name = practice2.5.3;
			productName = practice2.5.3;
			productReference = 4D153C541C847454007B2CE7 /* practice2.5.3.app */;
			productType = "com.apple.product-type.application";
		};
		4D153C6C1C847454007B2CE7 /* practice2.5.3Tests */ = {
			isa = PBXNativeTarget;
			buildConfigurationList = 4D153C841C847454007B2CE7 /* Build configuration list for PBXNativeTarget "practice2.5.3Tests" */;
			buildPhases = (
				4D153C691C847454007B2CE7 /* Sources */,
				4D153C6A1C847454007B2CE7 /* Frameworks */,
				4D153C6B1C847454007B2CE7 /* Resources */,
			);
			buildRules = (
			);
			dependencies = (
				4D153C6F1C847454007B2CE7 /* PBXTargetDependency */,
			);
			name = practice2.5.3Tests;
			productName = practice2.5.3Tests;
			productReference = 4D153C6D1C847454007B2CE7 /* practice2.5.3Tests.xctest */;
			productType = "com.apple.product-type.bundle.unit-test";
		};
		4D153C771C847454007B2CE7 /* practice2.5.3UITests */ = {
			isa = PBXNativeTarget;
			buildConfigurationList = 4D153C871C847454007B2CE7 /* Build configuration list for PBXNativeTarget "practice2.5.3UITests" */;
			buildPhases = (
				4D153C741C847454007B2CE7 /* Sources */,
				4D153C751C847454007B2CE7 /* Frameworks */,
				4D153C761C847454007B2CE7 /* Resources */,
			);
			buildRules = (
			);
			dependencies = (
				4D153C7A1C847454007B2CE7 /* PBXTargetDependency */,
			);
			name = practice2.5.3UITests;
			productName = practice2.5.3UITests;
			productReference = 4D153C781C847454007B2CE7 /* practice2.5.3UITests.xctest */;
			productType = "com.apple.product-type.bundle.ui-testing";
		};
/* End PBXNativeTarget section */

/* Begin PBXProject section */
		4D153C4C1C847454007B2CE7 /* Project object */ = {
			isa = PBXProject;
			attributes = {
				LastUpgradeCheck = 0720;
				ORGANIZATIONNAME = "杨庆";
				TargetAttributes = {
					4D153C531C847454007B2CE7 = {
						CreatedOnToolsVersion = 7.2.1;
						DevelopmentTeam = 786Y79WR39;
					};
					4D153C6C1C847454007B2CE7 = {
						CreatedOnToolsVersion = 7.2.1;
						DevelopmentTeam = 786Y79WR39;
						TestTargetID = 4D153C531C847454007B2CE7;
					};
					4D153C771C847454007B2CE7 = {
						CreatedOnToolsVersion = 7.2.1;
						DevelopmentTeam = 786Y79WR39;
						TestTargetID = 4D153C531C847454007B2CE7;
					};
				};
			};
			buildConfigurationList = 4D153C4F1C847454007B2CE7 /* Build configuration list for PBXProject "practice2.5.3" */;
			compatibilityVersion = "Xcode 3.2";
			developmentRegion = English;
			hasScannedForEncodings = 0;
			knownRegions = (
				en,
				Base,
			);
			mainGroup = 4D153C4B1C847454007B2CE7;
			productRefGroup = 4D153C551C847454007B2CE7 /* Products */;
			projectDirPath = "";
			projectRoot = "";
			targets = (
				4D153C531C847454007B2CE7 /* practice2.5.3 */,
				4D153C6C1C847454007B2CE7 /* practice2.5.3Tests */,
				4D153C771C847454007B2CE7 /* practice2.5.3UITests */,
			);
		};
/* End PBXProject section */

/* Begin PBXResourcesBuildPhase section */
		4D153C521C847454007B2CE7 /* Resources */ = {
			isa = PBXResourcesBuildPhase;
			buildActionMask = 2147483647;
			files = (
				4D153C671C847454007B2CE7 /* LaunchScreen.storyboard in Resources */,
				4D153C641C847454007B2CE7 /* Assets.xcassets in Resources */,
				4D153C621C847454007B2CE7 /* Main.storyboard in Resources */,
			);
			runOnlyForDeploymentPostprocessing = 0;
		};
		4D153C6B1C847454007B2CE7 /* Resources */ = {
			isa = PBXResourcesBuildPhase;
			buildActionMask = 2147483647;
			files = (
			);
			runOnlyForDeploymentPostprocessing = 0;
		};
		4D153C761C847454007B2CE7 /* Resources */ = {
			isa = PBXResourcesBuildPhase;
			buildActionMask = 2147483647;
			files = (
			);
			runOnlyForDeploymentPostprocessing = 0;
		};
/* End PBXResourcesBuildPhase section */

/* Begin PBXSourcesBuildPhase section */
		4D153C501C847454007B2CE7 /* Sources */ = {
			isa = PBXSourcesBuildPhase;
			buildActionMask = 2147483647;
			files = (
				4D153C5F1C847454007B2CE7 /* ViewController.m in Sources */,
				4D153C5C1C847454007B2CE7 /* AppDelegate.m in Sources */,
				4D153C591C847454007B2CE7 /* main.m in Sources */,
			);
			runOnlyForDeploymentPostprocessing = 0;
		};
		4D153C691C847454007B2CE7 /* Sources */ = {
			isa = PBXSourcesBuildPhase;
			buildActionMask = 2147483647;
			files = (
				4D153C721C847454007B2CE7 /* practice2_5_3Tests.m in Sources */,
			);
			runOnlyForDeploymentPostprocessing = 0;
		};
		4D153C741C847454007B2CE7 /* Sources */ = {
			isa = PBXSourcesBuildPhase;
			buildActionMask = 2147483647;
			files = (
				4D153C7D1C847454007B2CE7 /* practice2_5_3UITests.m in Sources */,
			);
			runOnlyForDeploymentPostprocessing = 0;
		};
/* End PBXSourcesBuildPhase section */

/* Begin PBXTargetDependency section */
		4D153C6F1C847454007B2CE7 /* PBXTargetDependency */ = {
			isa = PBXTargetDependency;
			target = 4D153C531C847454007B2CE7 /* practice2.5.3 */;
			targetProxy = 4D153C6E1C847454007B2CE7 /* PBXContainerItemProxy */;
		};
		4D153C7A1C847454007B2CE7 /* PBXTargetDependency */ = {
			isa = PBXTargetDependency;
			target = 4D153C531C847454007B2CE7 /* practice2.5.3 */;
			targetProxy = 4D153C791C847454007B2CE7 /* PBXContainerItemProxy */;
		};
/* End PBXTargetDependency section */

/* Begin PBXVariantGroup section */
		4D153C601C847454007B2CE7 /* Main.storyboard */ = {
			isa = PBXVariantGroup;
			children = (
				4D153C611C847454007B2CE7 /* Base */,
			);
			name = Main.storyboard;
			sourceTree = "<group>";
		};
		4D153C651C847454007B2CE7 /* LaunchScreen.storyboard */ = {
			isa = PBXVariantGroup;
			children = (
				4D153C661C847454007B2CE7 /* Base */,
			);
			name = LaunchScreen.storyboard;
			sourceTree = "<group>";
		};
/* End PBXVariantGroup section */

/* Begin XCBuildConfiguration section */
		4D153C7F1C847454007B2CE7 /* Debug */ = {
			isa = XCBuildConfiguration;
			buildSettings = {
				ALWAYS_SEARCH_USER_PATHS = NO;
				CLANG_CXX_LANGUAGE_STANDARD = "gnu++0x";
				CLANG_CXX_LIBRARY = "libc++";
				CLANG_ENABLE_MODULES = YES;
				CLANG_ENABLE_OBJC_ARC = YES;
				CLANG_WARN_BOOL_CONVERSION = YES;
				CLANG_WARN_CONSTANT_CONVERSION = YES;
				CLANG_WARN_DIRECT_OBJC_ISA_USAGE = YES_ERROR;
				CLANG_WARN_EMPTY_BODY = YES;
				CLANG_WARN_ENUM_CONVERSION = YES;
				CLANG_WARN_INT_CONVERSION = YES;
				CLANG_WARN_OBJC_ROOT_CLASS = YES_ERROR;
				CLANG_WARN_UNREACHABLE_CODE = YES;
				CLANG_WARN__DUPLICATE_METHOD_MATCH = YES;
				"CODE_SIGN_IDENTITY[sdk=iphoneos*]" = "iPhone Developer";
				COPY_PHASE_STRIP = NO;
				DEBUG_INFORMATION_FORMAT = dwarf;
				ENABLE_STRICT_OBJC_MSGSEND = YES;
				ENABLE_TESTABILITY = YES;
				GCC_C_LANGUAGE_STANDARD = gnu99;
				GCC_DYNAMIC_NO_PIC = NO;
				GCC_NO_COMMON_BLOCKS = YES;
				GCC_OPTIMIZATION_LEVEL = 0;
				GCC_PREPROCESSOR_DEFINITIONS = (
					"DEBUG=1",
					"$(inherited)",
				);
				GCC_WARN_64_TO_32_BIT_CONVERSION = YES;
				GCC_WARN_ABOUT_RETURN_TYPE = YES_ERROR;
				GCC_WARN_UNDECLARED_SELECTOR = YES;
				GCC_WARN_UNINITIALIZED_AUTOS = YES_AGGRESSIVE;
				GCC_WARN_UNUSED_FUNCTION = YES;
				GCC_WARN_UNUSED_VARIABLE = YES;
				IPHONEOS_DEPLOYMENT_TARGET = 9.2;
				MTL_ENABLE_DEBUG_INFO = YES;
				ONLY_ACTIVE_ARCH = YES;
				SDKROOT = iphoneos;
				TARGETED_DEVICE_FAMILY = "1,2";
			};
			name = Debug;
		};
		4D153C801C847454007B2CE7 /* Release */ = {
			isa = XCBuildConfiguration;
			buildSettings = {
				ALWAYS_SEARCH_USER_PATHS = NO;
				CLANG_CXX_LANGUAGE_STANDARD = "gnu++0x";
				CLANG_CXX_LIBRARY = "libc++";
				CLANG_ENABLE_MODULES = YES;
				CLANG_ENABLE_OBJC_ARC = YES;
				CLANG_WARN_BOOL_CONVERSION = YES;
				CLANG_WARN_CONSTANT_CONVERSION = YES;
				CLANG_WARN_DIRECT_OBJC_ISA_USAGE = YES_ERROR;
				CLANG_WARN_EMPTY_BODY = YES;
				CLANG_WARN_ENUM_CONVERSION = YES;
				CLANG_WARN_INT_CONVERSION = YES;
				CLANG_WARN_OBJC_ROOT_CLASS = YES_ERROR;
				CLANG_WARN_UNREACHABLE_CODE = YES;
				CLANG_WARN__DUPLICATE_METHOD_MATCH = YES;
				"CODE_SIGN_IDENTITY[sdk=iphoneos*]" = "iPhone Developer";
				COPY_PHASE_STRIP = NO;
				DEBUG_INFORMATION_FORMAT = "dwarf-with-dsym";
				ENABLE_NS_ASSERTIONS = NO;
				ENABLE_STRICT_OBJC_MSGSEND = YES;
				GCC_C_LANGUAGE_STANDARD = gnu99;
				GCC_NO_COMMON_BLOCKS = YES;
				GCC_WARN_64_TO_32_BIT_CONVERSION = YES;
				GCC_WARN_ABOUT_RETURN_TYPE = YES_ERROR;
				GCC_WARN_UNDECLARED_SELECTOR = YES;
				GCC_WARN_UNINITIALIZED_AUTOS = YES_AGGRESSIVE;
				GCC_WARN_UNUSED_FUNCTION = YES;
				GCC_WARN_UNUSED_VARIABLE = YES;
				IPHONEOS_DEPLOYMENT_TARGET = 9.2;
				MTL_ENABLE_DEBUG_INFO = NO;
				SDKROOT = iphoneos;
				TARGETED_DEVICE_FAMILY = "1,2";
				VALIDATE_PRODUCT = YES;
			};
			name = Release;
		};
		4D153C821C847454007B2CE7 /* Debug */ = {
			isa = XCBuildConfiguration;
			buildSettings = {
				ASSETCATALOG_COMPILER_APPICON_NAME = AppIcon;
				INFOPLIST_FILE = practice2.5.3/Info.plist;
				LD_RUNPATH_SEARCH_PATHS = "$(inherited) @executable_path/Frameworks";
				PRODUCT_BUNDLE_IDENTIFIER = "com.yq.practice2-5-3";
				PRODUCT_NAME = "$(TARGET_NAME)";
			};
			name = Debug;
		};
		4D153C831C847454007B2CE7 /* Release */ = {
			isa = XCBuildConfiguration;
			buildSettings = {
				ASSETCATALOG_COMPILER_APPICON_NAME = AppIcon;
				INFOPLIST_FILE = practice2.5.3/Info.plist;
				LD_RUNPATH_SEARCH_PATHS = "$(inherited) @executable_path/Frameworks";
				PRODUCT_BUNDLE_IDENTIFIER = "com.yq.practice2-5-3";
				PRODUCT_NAME = "$(TARGET_NAME)";
			};
			name = Release;
		};
		4D153C851C847454007B2CE7 /* Debug */ = {
			isa = XCBuildConfiguration;
			buildSettings = {
				BUNDLE_LOADER = "$(TEST_HOST)";
				INFOPLIST_FILE = practice2.5.3Tests/Info.plist;
				LD_RUNPATH_SEARCH_PATHS = "$(inherited) @executable_path/Frameworks @loader_path/Frameworks";
				PRODUCT_BUNDLE_IDENTIFIER = "com.yq.practice2-5-3Tests";
				PRODUCT_NAME = "$(TARGET_NAME)";
				TEST_HOST = "$(BUILT_PRODUCTS_DIR)/practice2.5.3.app/practice2.5.3";
			};
			name = Debug;
		};
		4D153C861C847454007B2CE7 /* Release */ = {
			isa = XCBuildConfiguration;
			buildSettings = {
				BUNDLE_LOADER = "$(TEST_HOST)";
				INFOPLIST_FILE = practice2.5.3Tests/Info.plist;
				LD_RUNPATH_SEARCH_PATHS = "$(inherited) @executable_path/Frameworks @loader_path/Frameworks";
				PRODUCT_BUNDLE_IDENTIFIER = "com.yq.practice2-5-3Tests";
				PRODUCT_NAME = "$(TARGET_NAME)";
				TEST_HOST = "$(BUILT_PRODUCTS_DIR)/practice2.5.3.app/practice2.5.3";
			};
			name = Release;
		};
		4D153C881C847454007B2CE7 /* Debug */ = {
			isa = XCBuildConfiguration;
			buildSettings = {
				INFOPLIST_FILE = practice2.5.3UITests/Info.plist;
				LD_RUNPATH_SEARCH_PATHS = "$(inherited) @executable_path/Frameworks @loader_path/Frameworks";
				PRODUCT_BUNDLE_IDENTIFIER = "com.yq.practice2-5-3UITests";
				PRODUCT_NAME = "$(TARGET_NAME)";
				TEST_TARGET_NAME = practice2.5.3;
				USES_XCTRUNNER = YES;
			};
			name = Debug;
		};
		4D153C891C847454007B2CE7 /* Release */ = {
			isa = XCBuildConfiguration;
			buildSettings = {
				INFOPLIST_FILE = practice2.5.3UITests/Info.plist;
				LD_RUNPATH_SEARCH_PATHS = "$(inherited) @executable_path/Frameworks @loader_path/Frameworks";
				PRODUCT_BUNDLE_IDENTIFIER = "com.yq.practice2-5-3UITests";
				PRODUCT_NAME = "$(TARGET_NAME)";
				TEST_TARGET_NAME = practice2.5.3;
				USES_XCTRUNNER = YES;
			};
			name = Release;
		};
/* End XCBuildConfiguration section */

/* Begin XCConfigurationList section */
		4D153C4F1C847454007B2CE7 /* Build configuration list for PBXProject "practice2.5.3" */ = {
			isa = XCConfigurationList;
			buildConfigurations = (
				4D153C7F1C847454007B2CE7 /* Debug */,
				4D153C801C847454007B2CE7 /* Release */,
			);
			defaultConfigurationIsVisible = 0;
			defaultConfigurationName = Release;
		};
		4D153C811C847454007B2CE7 /* Build configuration list for PBXNativeTarget "practice2.5.3" */ = {
			isa = XCConfigurationList;
			buildConfigurations = (
				4D153C821C847454007B2CE7 /* Debug */,
				4D153C831C847454007B2CE7 /* Release */,
			);
			defaultConfigurationIsVisible = 0;
		};
		4D153C841C847454007B2CE7 /* Build configuration list for PBXNativeTarget "practice2.5.3Tests" */ = {
			isa = XCConfigurationList;
			buildConfigurations = (
				4D153C851C847454007B2CE7 /* Debug */,
				4D153C861C847454007B2CE7 /* Release */,
			);
			defaultConfigurationIsVisible = 0;
		};
		4D153C871C847454007B2CE7 /* Build configuration list for PBXNativeTarget "practice2.5.3UITests" */ = {
			isa = XCConfigurationList;
			buildConfigurations = (
				4D153C881C847454007B2CE7 /* Debug */,
				4D153C891C847454007B2CE7 /* Release */,
			);
			defaultConfigurationIsVisible = 0;
		};
/* End XCConfigurationList section */
	};
	rootObject = 4D153C4C1C847454007B2CE7 /* Project object */;
}
