// !$*UTF8*$!
{
	archiveVersion = 1;
	classes = {
	};
	objectVersion = 46;
	objects = {

/* Begin PBXBuildFile section */
		4DD5613C1CB4F4FF006E4FFA /* main.m in Sources */ = {isa = PBXBuildFile; fileRef = 4DD5613B1CB4F4FF006E4FFA /* main.m */; };
		4DD5613F1CB4F4FF006E4FFA /* AppDelegate.m in Sources */ = {isa = PBXBuildFile; fileRef = 4DD5613E1CB4F4FF006E4FFA /* AppDelegate.m */; };
		4DD561421CB4F4FF006E4FFA /* ViewController.m in Sources */ = {isa = PBXBuildFile; fileRef = 4DD561411CB4F4FF006E4FFA /* ViewController.m */; };
		4DD561451CB4F500006E4FFA /* Main.storyboard in Resources */ = {isa = PBXBuildFile; fileRef = 4DD561431CB4F500006E4FFA /* Main.storyboard */; };
		4DD561481CB4F500006E4FFA /* UserInfo.xcdatamodeld in Sources */ = {isa = PBXBuildFile; fileRef = 4DD561461CB4F500006E4FFA /* UserInfo.xcdatamodeld */; };
		4DD5614A1CB4F500006E4FFA /* Assets.xcassets in Resources */ = {isa = PBXBuildFile; fileRef = 4DD561491CB4F500006E4FFA /* Assets.xcassets */; };
		4DD5614D1CB4F500006E4FFA /* LaunchScreen.storyboard in Resources */ = {isa = PBXBuildFile; fileRef = 4DD5614B1CB4F500006E4FFA /* LaunchScreen.storyboard */; };
		4DD561581CB4F500006E4FFA /* UserInfoTests.m in Sources */ = {isa = PBXBuildFile; fileRef = 4DD561571CB4F500006E4FFA /* UserInfoTests.m */; };
		4DD5616A1CB4F947006E4FFA /* EXPaperInfoRecord+CoreDataProperties.m in Sources */ = {isa = PBXBuildFile; fileRef = 4DD561631CB4F947006E4FFA /* EXPaperInfoRecord+CoreDataProperties.m */; };
		4DD5616B1CB4F947006E4FFA /* EXPaperInfoRecord.m in Sources */ = {isa = PBXBuildFile; fileRef = 4DD561651CB4F947006E4FFA /* EXPaperInfoRecord.m */; };
		4DD5616C1CB4F947006E4FFA /* EXPaperInfo+CoreDataProperties.m in Sources */ = {isa = PBXBuildFile; fileRef = 4DD561671CB4F947006E4FFA /* EXPaperInfo+CoreDataProperties.m */; };
		4DD5616D1CB4F947006E4FFA /* EXPaperInfo.m in Sources */ = {isa = PBXBuildFile; fileRef = 4DD561691CB4F947006E4FFA /* EXPaperInfo.m */; };
/* End PBXBuildFile section */

/* Begin PBXContainerItemProxy section */
		4DD561541CB4F500006E4FFA /* PBXContainerItemProxy */ = {
			isa = PBXContainerItemProxy;
			containerPortal = 4DD5612F1CB4F4FF006E4FFA /* Project object */;
			proxyType = 1;
			remoteGlobalIDString = 4DD561361CB4F4FF006E4FFA;
			remoteInfo = UserInfo;
		};
/* End PBXContainerItemProxy section */

/* Begin PBXFileReference section */
		4DD561371CB4F4FF006E4FFA /* UserInfo.app */ = {isa = PBXFileReference; explicitFileType = wrapper.application; includeInIndex = 0; path = UserInfo.app; sourceTree = BUILT_PRODUCTS_DIR; };
		4DD5613B1CB4F4FF006E4FFA /* main.m */ = {isa = PBXFileReference; lastKnownFileType = sourcecode.c.objc; path = main.m; sourceTree = "<group>"; };
		4DD5613D1CB4F4FF006E4FFA /* AppDelegate.h */ = {isa = PBXFileReference; lastKnownFileType = sourcecode.c.h; path = AppDelegate.h; sourceTree = "<group>"; };
		4DD5613E1CB4F4FF006E4FFA /* AppDelegate.m */ = {isa = PBXFileReference; lastKnownFileType = sourcecode.c.objc; path = AppDelegate.m; sourceTree = "<group>"; };
		4DD561401CB4F4FF006E4FFA /* ViewController.h */ = {isa = PBXFileReference; lastKnownFileType = sourcecode.c.h; path = ViewController.h; sourceTree = "<group>"; };
		4DD561411CB4F4FF006E4FFA /* ViewController.m */ = {isa = PBXFileReference; lastKnownFileType = sourcecode.c.objc; path = ViewController.m; sourceTree = "<group>"; };
		4DD561441CB4F500006E4FFA /* Base */ = {isa = PBXFileReference; lastKnownFileType = file.storyboard; name = Base; path = Base.lproj/Main.storyboard; sourceTree = "<group>"; };
		4DD561471CB4F500006E4FFA /* UserInfo.xcdatamodel */ = {isa = PBXFileReference; lastKnownFileType = wrapper.xcdatamodel; path = UserInfo.xcdatamodel; sourceTree = "<group>"; };
		4DD561491CB4F500006E4FFA /* Assets.xcassets */ = {isa = PBXFileReference; lastKnownFileType = folder.assetcatalog; path = Assets.xcassets; sourceTree = "<group>"; };
		4DD5614C1CB4F500006E4FFA /* Base */ = {isa = PBXFileReference; lastKnownFileType = file.storyboard; name = Base; path = Base.lproj/LaunchScreen.storyboard; sourceTree = "<group>"; };
		4DD5614E1CB4F500006E4FFA /* Info.plist */ = {isa = PBXFileReference; lastKnownFileType = text.plist.xml; path = Info.plist; sourceTree = "<group>"; };
		4DD561531CB4F500006E4FFA /* UserInfoTests.xctest */ = {isa = PBXFileReference; explicitFileType = wrapper.cfbundle; includeInIndex = 0; path = UserInfoTests.xctest; sourceTree = BUILT_PRODUCTS_DIR; };
		4DD561571CB4F500006E4FFA /* UserInfoTests.m */ = {isa = PBXFileReference; lastKnownFileType = sourcecode.c.objc; path = UserInfoTests.m; sourceTree = "<group>"; };
		4DD561591CB4F500006E4FFA /* Info.plist */ = {isa = PBXFileReference; lastKnownFileType = text.plist.xml; path = Info.plist; sourceTree = "<group>"; };
		4DD561621CB4F947006E4FFA /* EXPaperInfoRecord+CoreDataProperties.h */ = {isa = PBXFileReference; fileEncoding = 4; lastKnownFileType = sourcecode.c.h; path = "EXPaperInfoRecord+CoreDataProperties.h"; sourceTree = "<group>"; };
		4DD561631CB4F947006E4FFA /* EXPaperInfoRecord+CoreDataProperties.m */ = {isa = PBXFileReference; fileEncoding = 4; lastKnownFileType = sourcecode.c.objc; path = "EXPaperInfoRecord+CoreDataProperties.m"; sourceTree = "<group>"; };
		4DD561641CB4F947006E4FFA /* EXPaperInfoRecord.h */ = {isa = PBXFileReference; fileEncoding = 4; lastKnownFileType = sourcecode.c.h; path = EXPaperInfoRecord.h; sourceTree = "<group>"; };
		4DD561651CB4F947006E4FFA /* EXPaperInfoRecord.m */ = {isa = PBXFileReference; fileEncoding = 4; lastKnownFileType = sourcecode.c.objc; path = EXPaperInfoRecord.m; sourceTree = "<group>"; };
		4DD561661CB4F947006E4FFA /* EXPaperInfo+CoreDataProperties.h */ = {isa = PBXFileReference; fileEncoding = 4; lastKnownFileType = sourcecode.c.h; path = "EXPaperInfo+CoreDataProperties.h"; sourceTree = "<group>"; };
		4DD561671CB4F947006E4FFA /* EXPaperInfo+CoreDataProperties.m */ = {isa = PBXFileReference; fileEncoding = 4; lastKnownFileType = sourcecode.c.objc; path = "EXPaperInfo+CoreDataProperties.m"; sourceTree = "<group>"; };
		4DD561681CB4F947006E4FFA /* EXPaperInfo.h */ = {isa = PBXFileReference; fileEncoding = 4; lastKnownFileType = sourcecode.c.h; path = EXPaperInfo.h; sourceTree = "<group>"; };
		4DD561691CB4F947006E4FFA /* EXPaperInfo.m */ = {isa = PBXFileReference; fileEncoding = 4; lastKnownFileType = sourcecode.c.objc; path = EXPaperInfo.m; sourceTree = "<group>"; };
/* End PBXFileReference section */

/* Begin PBXFrameworksBuildPhase section */
		4DD561341CB4F4FF006E4FFA /* Frameworks */ = {
			isa = PBXFrameworksBuildPhase;
			buildActionMask = 2147483647;
			files = (
			);
			runOnlyForDeploymentPostprocessing = 0;
		};
		4DD561501CB4F500006E4FFA /* Frameworks */ = {
			isa = PBXFrameworksBuildPhase;
			buildActionMask = 2147483647;
			files = (
			);
			runOnlyForDeploymentPostprocessing = 0;
		};
/* End PBXFrameworksBuildPhase section */

/* Begin PBXGroup section */
		4DD5612E1CB4F4FF006E4FFA = {
			isa = PBXGroup;
			children = (
				4DD561391CB4F4FF006E4FFA /* UserInfo */,
				4DD561561CB4F500006E4FFA /* UserInfoTests */,
				4DD561381CB4F4FF006E4FFA /* Products */,
			);
			sourceTree = "<group>";
		};
		4DD561381CB4F4FF006E4FFA /* Products */ = {
			isa = PBXGroup;
			children = (
				4DD561371CB4F4FF006E4FFA /* UserInfo.app */,
				4DD561531CB4F500006E4FFA /* UserInfoTests.xctest */,
			);
			name = Products;
			sourceTree = "<group>";
		};
		4DD561391CB4F4FF006E4FFA /* UserInfo */ = {
			isa = PBXGroup;
			children = (
				4DD5613D1CB4F4FF006E4FFA /* AppDelegate.h */,
				4DD5613E1CB4F4FF006E4FFA /* AppDelegate.m */,
				4DD561401CB4F4FF006E4FFA /* ViewController.h */,
				4DD561411CB4F4FF006E4FFA /* ViewController.m */,
				4DD561431CB4F500006E4FFA /* Main.storyboard */,
				4DD561491CB4F500006E4FFA /* Assets.xcassets */,
				4DD5614B1CB4F500006E4FFA /* LaunchScreen.storyboard */,
				4DD5614E1CB4F500006E4FFA /* Info.plist */,
				4DD561461CB4F500006E4FFA /* UserInfo.xcdatamodeld */,
				4DD561621CB4F947006E4FFA /* EXPaperInfoRecord+CoreDataProperties.h */,
				4DD561631CB4F947006E4FFA /* EXPaperInfoRecord+CoreDataProperties.m */,
				4DD561641CB4F947006E4FFA /* EXPaperInfoRecord.h */,
				4DD561651CB4F947006E4FFA /* EXPaperInfoRecord.m */,
				4DD561661CB4F947006E4FFA /* EXPaperInfo+CoreDataProperties.h */,
				4DD561671CB4F947006E4FFA /* EXPaperInfo+CoreDataProperties.m */,
				4DD561681CB4F947006E4FFA /* EXPaperInfo.h */,
				4DD561691CB4F947006E4FFA /* EXPaperInfo.m */,
				4DD5613A1CB4F4FF006E4FFA /* Supporting Files */,
			);
			path = UserInfo;
			sourceTree = "<group>";
		};
		4DD5613A1CB4F4FF006E4FFA /* Supporting Files */ = {
			isa = PBXGroup;
			children = (
				4DD5613B1CB4F4FF006E4FFA /* main.m */,
			);
			name = "Supporting Files";
			sourceTree = "<group>";
		};
		4DD561561CB4F500006E4FFA /* UserInfoTests */ = {
			isa = PBXGroup;
			children = (
				4DD561571CB4F500006E4FFA /* UserInfoTests.m */,
				4DD561591CB4F500006E4FFA /* Info.plist */,
			);
			path = UserInfoTests;
			sourceTree = "<group>";
		};
/* End PBXGroup section */

/* Begin PBXNativeTarget section */
		4DD561361CB4F4FF006E4FFA /* UserInfo */ = {
			isa = PBXNativeTarget;
			buildConfigurationList = 4DD5615C1CB4F500006E4FFA /* Build configuration list for PBXNativeTarget "UserInfo" */;
			buildPhases = (
				4DD561331CB4F4FF006E4FFA /* Sources */,
				4DD561341CB4F4FF006E4FFA /* Frameworks */,
				4DD561351CB4F4FF006E4FFA /* Resources */,
			);
			buildRules = (
			);
			dependencies = (
			);
			name = UserInfo;
			productName = UserInfo;
			productReference = 4DD561371CB4F4FF006E4FFA /* UserInfo.app */;
			productType = "com.apple.product-type.application";
		};
		4DD561521CB4F500006E4FFA /* UserInfoTests */ = {
			isa = PBXNativeTarget;
			buildConfigurationList = 4DD5615F1CB4F500006E4FFA /* Build configuration list for PBXNativeTarget "UserInfoTests" */;
			buildPhases = (
				4DD5614F1CB4F500006E4FFA /* Sources */,
				4DD561501CB4F500006E4FFA /* Frameworks */,
				4DD561511CB4F500006E4FFA /* Resources */,
			);
			buildRules = (
			);
			dependencies = (
				4DD561551CB4F500006E4FFA /* PBXTargetDependency */,
			);
			name = UserInfoTests;
			productName = UserInfoTests;
			productReference = 4DD561531CB4F500006E4FFA /* UserInfoTests.xctest */;
			productType = "com.apple.product-type.bundle.unit-test";
		};
/* End PBXNativeTarget section */

/* Begin PBXProject section */
		4DD5612F1CB4F4FF006E4FFA /* Project object */ = {
			isa = PBXProject;
			attributes = {
				LastUpgradeCheck = 0730;
				ORGANIZATIONNAME = "杨庆";
				TargetAttributes = {
					4DD561361CB4F4FF006E4FFA = {
						CreatedOnToolsVersion = 7.3;
						DevelopmentTeam = 786Y79WR39;
					};
					4DD561521CB4F500006E4FFA = {
						CreatedOnToolsVersion = 7.3;
						DevelopmentTeam = 786Y79WR39;
						TestTargetID = 4DD561361CB4F4FF006E4FFA;
					};
				};
			};
			buildConfigurationList = 4DD561321CB4F4FF006E4FFA /* Build configuration list for PBXProject "UserInfo" */;
			compatibilityVersion = "Xcode 3.2";
			developmentRegion = English;
			hasScannedForEncodings = 0;
			knownRegions = (
				en,
				Base,
			);
			mainGroup = 4DD5612E1CB4F4FF006E4FFA;
			productRefGroup = 4DD561381CB4F4FF006E4FFA /* Products */;
			projectDirPath = "";
			projectRoot = "";
			targets = (
				4DD561361CB4F4FF006E4FFA /* UserInfo */,
				4DD561521CB4F500006E4FFA /* UserInfoTests */,
			);
		};
/* End PBXProject section */

/* Begin PBXResourcesBuildPhase section */
		4DD561351CB4F4FF006E4FFA /* Resources */ = {
			isa = PBXResourcesBuildPhase;
			buildActionMask = 2147483647;
			files = (
				4DD5614D1CB4F500006E4FFA /* LaunchScreen.storyboard in Resources */,
				4DD5614A1CB4F500006E4FFA /* Assets.xcassets in Resources */,
				4DD561451CB4F500006E4FFA /* Main.storyboard in Resources */,
			);
			runOnlyForDeploymentPostprocessing = 0;
		};
		4DD561511CB4F500006E4FFA /* Resources */ = {
			isa = PBXResourcesBuildPhase;
			buildActionMask = 2147483647;
			files = (
			);
			runOnlyForDeploymentPostprocessing = 0;
		};
/* End PBXResourcesBuildPhase section */

/* Begin PBXSourcesBuildPhase section */
		4DD561331CB4F4FF006E4FFA /* Sources */ = {
			isa = PBXSourcesBuildPhase;
			buildActionMask = 2147483647;
			files = (
				4DD5616B1CB4F947006E4FFA /* EXPaperInfoRecord.m in Sources */,
				4DD5616D1CB4F947006E4FFA /* EXPaperInfo.m in Sources */,
				4DD561481CB4F500006E4FFA /* UserInfo.xcdatamodeld in Sources */,
				4DD5616A1CB4F947006E4FFA /* EXPaperInfoRecord+CoreDataProperties.m in Sources */,
				4DD561421CB4F4FF006E4FFA /* ViewController.m in Sources */,
				4DD5613F1CB4F4FF006E4FFA /* AppDelegate.m in Sources */,
				4DD5613C1CB4F4FF006E4FFA /* main.m in Sources */,
				4DD5616C1CB4F947006E4FFA /* EXPaperInfo+CoreDataProperties.m in Sources */,
			);
			runOnlyForDeploymentPostprocessing = 0;
		};
		4DD5614F1CB4F500006E4FFA /* Sources */ = {
			isa = PBXSourcesBuildPhase;
			buildActionMask = 2147483647;
			files = (
				4DD561581CB4F500006E4FFA /* UserInfoTests.m in Sources */,
			);
			runOnlyForDeploymentPostprocessing = 0;
		};
/* End PBXSourcesBuildPhase section */

/* Begin PBXTargetDependency section */
		4DD561551CB4F500006E4FFA /* PBXTargetDependency */ = {
			isa = PBXTargetDependency;
			target = 4DD561361CB4F4FF006E4FFA /* UserInfo */;
			targetProxy = 4DD561541CB4F500006E4FFA /* PBXContainerItemProxy */;
		};
/* End PBXTargetDependency section */

/* Begin PBXVariantGroup section */
		4DD561431CB4F500006E4FFA /* Main.storyboard */ = {
			isa = PBXVariantGroup;
			children = (
				4DD561441CB4F500006E4FFA /* Base */,
			);
			name = Main.storyboard;
			sourceTree = "<group>";
		};
		4DD5614B1CB4F500006E4FFA /* LaunchScreen.storyboard */ = {
			isa = PBXVariantGroup;
			children = (
				4DD5614C1CB4F500006E4FFA /* Base */,
			);
			name = LaunchScreen.storyboard;
			sourceTree = "<group>";
		};
/* End PBXVariantGroup section */

/* Begin XCBuildConfiguration section */
		4DD5615A1CB4F500006E4FFA /* Debug */ = {
			isa = XCBuildConfiguration;
			buildSettings = {
				ALWAYS_SEARCH_USER_PATHS = NO;
				CLANG_ANALYZER_NONNULL = YES;
				CLANG_CXX_LANGUAGE_STANDARD = "gnu++0x";
				CLANG_CXX_LIBRARY = "libc++";
				CLANG_ENABLE_MODULES = YES;
				CLANG_ENABLE_OBJC_ARC = YES;
				CLANG_WARN_BOOL_CONVERSION = YES;
				CLANG_WARN_CONSTANT_CONVERSION = YES;
				CLANG_WARN_DIRECT_OBJC_ISA_USAGE = YES_ERROR;
				CLANG_WARN_EMPTY_BODY = YES;
				CLANG_WARN_ENUM_CONVERSION = YES;
				CLANG_WARN_INT_CONVERSION = YES;
				CLANG_WARN_OBJC_ROOT_CLASS = YES_ERROR;
				CLANG_WARN_UNREACHABLE_CODE = YES;
				CLANG_WARN__DUPLICATE_METHOD_MATCH = YES;
				"CODE_SIGN_IDENTITY[sdk=iphoneos*]" = "iPhone Developer";
				COPY_PHASE_STRIP = NO;
				DEBUG_INFORMATION_FORMAT = dwarf;
				ENABLE_STRICT_OBJC_MSGSEND = YES;
				ENABLE_TESTABILITY = YES;
				GCC_C_LANGUAGE_STANDARD = gnu99;
				GCC_DYNAMIC_NO_PIC = NO;
				GCC_NO_COMMON_BLOCKS = YES;
				GCC_OPTIMIZATION_LEVEL = 0;
				GCC_PREPROCESSOR_DEFINITIONS = (
					"DEBUG=1",
					"$(inherited)",
				);
				GCC_WARN_64_TO_32_BIT_CONVERSION = YES;
				GCC_WARN_ABOUT_RETURN_TYPE = YES_ERROR;
				GCC_WARN_UNDECLARED_SELECTOR = YES;
				GCC_WARN_UNINITIALIZED_AUTOS = YES_AGGRESSIVE;
				GCC_WARN_UNUSED_FUNCTION = YES;
				GCC_WARN_UNUSED_VARIABLE = YES;
				IPHONEOS_DEPLOYMENT_TARGET = 9.3;
				MTL_ENABLE_DEBUG_INFO = YES;
				ONLY_ACTIVE_ARCH = YES;
				SDKROOT = iphoneos;
				TARGETED_DEVICE_FAMILY = "1,2";
			};
			name = Debug;
		};
		4DD5615B1CB4F500006E4FFA /* Release */ = {
			isa = XCBuildConfiguration;
			buildSettings = {
				ALWAYS_SEARCH_USER_PATHS = NO;
				CLANG_ANALYZER_NONNULL = YES;
				CLANG_CXX_LANGUAGE_STANDARD = "gnu++0x";
				CLANG_CXX_LIBRARY = "libc++";
				CLANG_ENABLE_MODULES = YES;
				CLANG_ENABLE_OBJC_ARC = YES;
				CLANG_WARN_BOOL_CONVERSION = YES;
				CLANG_WARN_CONSTANT_CONVERSION = YES;
				CLANG_WARN_DIRECT_OBJC_ISA_USAGE = YES_ERROR;
				CLANG_WARN_EMPTY_BODY = YES;
				CLANG_WARN_ENUM_CONVERSION = YES;
				CLANG_WARN_INT_CONVERSION = YES;
				CLANG_WARN_OBJC_ROOT_CLASS = YES_ERROR;
				CLANG_WARN_UNREACHABLE_CODE = YES;
				CLANG_WARN__DUPLICATE_METHOD_MATCH = YES;
				"CODE_SIGN_IDENTITY[sdk=iphoneos*]" = "iPhone Developer";
				COPY_PHASE_STRIP = NO;
				DEBUG_INFORMATION_FORMAT = "dwarf-with-dsym";
				ENABLE_NS_ASSERTIONS = NO;
				ENABLE_STRICT_OBJC_MSGSEND = YES;
				GCC_C_LANGUAGE_STANDARD = gnu99;
				GCC_NO_COMMON_BLOCKS = YES;
				GCC_WARN_64_TO_32_BIT_CONVERSION = YES;
				GCC_WARN_ABOUT_RETURN_TYPE = YES_ERROR;
				GCC_WARN_UNDECLARED_SELECTOR = YES;
				GCC_WARN_UNINITIALIZED_AUTOS = YES_AGGRESSIVE;
				GCC_WARN_UNUSED_FUNCTION = YES;
				GCC_WARN_UNUSED_VARIABLE = YES;
				IPHONEOS_DEPLOYMENT_TARGET = 9.3;
				MTL_ENABLE_DEBUG_INFO = NO;
				SDKROOT = iphoneos;
				TARGETED_DEVICE_FAMILY = "1,2";
				VALIDATE_PRODUCT = YES;
			};
			name = Release;
		};
		4DD5615D1CB4F500006E4FFA /* Debug */ = {
			isa = XCBuildConfiguration;
			buildSettings = {
				ASSETCATALOG_COMPILER_APPICON_NAME = AppIcon;
				INFOPLIST_FILE = UserInfo/Info.plist;
				LD_RUNPATH_SEARCH_PATHS = "$(inherited) @executable_path/Frameworks";
				PRODUCT_BUNDLE_IDENTIFIER = com.yq.UserInfo;
				PRODUCT_NAME = "$(TARGET_NAME)";
			};
			name = Debug;
		};
		4DD5615E1CB4F500006E4FFA /* Release */ = {
			isa = XCBuildConfiguration;
			buildSettings = {
				ASSETCATALOG_COMPILER_APPICON_NAME = AppIcon;
				INFOPLIST_FILE = UserInfo/Info.plist;
				LD_RUNPATH_SEARCH_PATHS = "$(inherited) @executable_path/Frameworks";
				PRODUCT_BUNDLE_IDENTIFIER = com.yq.UserInfo;
				PRODUCT_NAME = "$(TARGET_NAME)";
			};
			name = Release;
		};
		4DD561601CB4F500006E4FFA /* Debug */ = {
			isa = XCBuildConfiguration;
			buildSettings = {
				BUNDLE_LOADER = "$(TEST_HOST)";
				INFOPLIST_FILE = UserInfoTests/Info.plist;
				LD_RUNPATH_SEARCH_PATHS = "$(inherited) @executable_path/Frameworks @loader_path/Frameworks";
				PRODUCT_BUNDLE_IDENTIFIER = com.yq.UserInfoTests;
				PRODUCT_NAME = "$(TARGET_NAME)";
				TEST_HOST = "$(BUILT_PRODUCTS_DIR)/UserInfo.app/UserInfo";
			};
			name = Debug;
		};
		4DD561611CB4F500006E4FFA /* Release */ = {
			isa = XCBuildConfiguration;
			buildSettings = {
				BUNDLE_LOADER = "$(TEST_HOST)";
				INFOPLIST_FILE = UserInfoTests/Info.plist;
				LD_RUNPATH_SEARCH_PATHS = "$(inherited) @executable_path/Frameworks @loader_path/Frameworks";
				PRODUCT_BUNDLE_IDENTIFIER = com.yq.UserInfoTests;
				PRODUCT_NAME = "$(TARGET_NAME)";
				TEST_HOST = "$(BUILT_PRODUCTS_DIR)/UserInfo.app/UserInfo";
			};
			name = Release;
		};
/* End XCBuildConfiguration section */

/* Begin XCConfigurationList section */
		4DD561321CB4F4FF006E4FFA /* Build configuration list for PBXProject "UserInfo" */ = {
			isa = XCConfigurationList;
			buildConfigurations = (
				4DD5615A1CB4F500006E4FFA /* Debug */,
				4DD5615B1CB4F500006E4FFA /* Release */,
			);
			defaultConfigurationIsVisible = 0;
			defaultConfigurationName = Release;
		};
		4DD5615C1CB4F500006E4FFA /* Build configuration list for PBXNativeTarget "UserInfo" */ = {
			isa = XCConfigurationList;
			buildConfigurations = (
				4DD5615D1CB4F500006E4FFA /* Debug */,
				4DD5615E1CB4F500006E4FFA /* Release */,
			);
			defaultConfigurationIsVisible = 0;
		};
		4DD5615F1CB4F500006E4FFA /* Build configuration list for PBXNativeTarget "UserInfoTests" */ = {
			isa = XCConfigurationList;
			buildConfigurations = (
				4DD561601CB4F500006E4FFA /* Debug */,
				4DD561611CB4F500006E4FFA /* Release */,
			);
			defaultConfigurationIsVisible = 0;
		};
/* End XCConfigurationList section */

/* Begin XCVersionGroup section */
		4DD561461CB4F500006E4FFA /* UserInfo.xcdatamodeld */ = {
			isa = XCVersionGroup;
			children = (
				4DD561471CB4F500006E4FFA /* UserInfo.xcdatamodel */,
			);
			currentVersion = 4DD561471CB4F500006E4FFA /* UserInfo.xcdatamodel */;
			path = UserInfo.xcdatamodeld;
			sourceTree = "<group>";
			versionGroupType = wrapper.xcdatamodel;
		};
/* End XCVersionGroup section */
	};
	rootObject = 4DD5612F1CB4F4FF006E4FFA /* Project object */;
}
