// !$*UTF8*$!
{
	archiveVersion = 1;
	classes = {
	};
	objectVersion = 46;
	objects = {

/* Begin PBXBuildFile section */
		4DBEE97D1C957FB600996FAD /* main.m in Sources */ = {isa = PBXBuildFile; fileRef = 4DBEE97C1C957FB600996FAD /* main.m */; };
		4DBEE9851C957FC100996FAD /* XYPoint.m in Sources */ = {isa = PBXBuildFile; fileRef = 4DBEE9841C957FC100996FAD /* XYPoint.m */; };
		4DBEE9881C9581DB00996FAD /* Rectangle.m in Sources */ = {isa = PBXBuildFile; fileRef = 4DBEE9871C9581DB00996FAD /* Rectangle.m */; };
/* End PBXBuildFile section */

/* Begin PBXCopyFilesBuildPhase section */
		4DBEE9771C957FB600996FAD /* CopyFiles */ = {
			isa = PBXCopyFilesBuildPhase;
			buildActionMask = 2147483647;
			dstPath = /usr/share/man/man1/;
			dstSubfolderSpec = 0;
			files = (
			);
			runOnlyForDeploymentPostprocessing = 1;
		};
/* End PBXCopyFilesBuildPhase section */

/* Begin PBXFileReference section */
		4DBEE9791C957FB600996FAD /* 9.7.3 */ = {isa = PBXFileReference; explicitFileType = "compiled.mach-o.executable"; includeInIndex = 0; path = 9.7.3; sourceTree = BUILT_PRODUCTS_DIR; };
		4DBEE97C1C957FB600996FAD /* main.m */ = {isa = PBXFileReference; lastKnownFileType = sourcecode.c.objc; path = main.m; sourceTree = "<group>"; };
		4DBEE9831C957FC100996FAD /* XYPoint.h */ = {isa = PBXFileReference; fileEncoding = 4; lastKnownFileType = sourcecode.c.h; path = XYPoint.h; sourceTree = "<group>"; };
		4DBEE9841C957FC100996FAD /* XYPoint.m */ = {isa = PBXFileReference; fileEncoding = 4; lastKnownFileType = sourcecode.c.objc; path = XYPoint.m; sourceTree = "<group>"; };
		4DBEE9861C9581DB00996FAD /* Rectangle.h */ = {isa = PBXFileReference; fileEncoding = 4; lastKnownFileType = sourcecode.c.h; path = Rectangle.h; sourceTree = "<group>"; };
		4DBEE9871C9581DB00996FAD /* Rectangle.m */ = {isa = PBXFileReference; fileEncoding = 4; lastKnownFileType = sourcecode.c.objc; path = Rectangle.m; sourceTree = "<group>"; };
/* End PBXFileReference section */

/* Begin PBXFrameworksBuildPhase section */
		4DBEE9761C957FB600996FAD /* Frameworks */ = {
			isa = PBXFrameworksBuildPhase;
			buildActionMask = 2147483647;
			files = (
			);
			runOnlyForDeploymentPostprocessing = 0;
		};
/* End PBXFrameworksBuildPhase section */

/* Begin PBXGroup section */
		4DBEE9701C957FB600996FAD = {
			isa = PBXGroup;
			children = (
				4DBEE97B1C957FB600996FAD /* 9.7.3 */,
				4DBEE97A1C957FB600996FAD /* Products */,
			);
			sourceTree = "<group>";
		};
		4DBEE97A1C957FB600996FAD /* Products */ = {
			isa = PBXGroup;
			children = (
				4DBEE9791C957FB600996FAD /* 9.7.3 */,
			);
			name = Products;
			sourceTree = "<group>";
		};
		4DBEE97B1C957FB600996FAD /* 9.7.3 */ = {
			isa = PBXGroup;
			children = (
				4DBEE97C1C957FB600996FAD /* main.m */,
				4DBEE9831C957FC100996FAD /* XYPoint.h */,
				4DBEE9861C9581DB00996FAD /* Rectangle.h */,
				4DBEE9871C9581DB00996FAD /* Rectangle.m */,
				4DBEE9841C957FC100996FAD /* XYPoint.m */,
			);
			path = 9.7.3;
			sourceTree = "<group>";
		};
/* End PBXGroup section */

/* Begin PBXNativeTarget section */
		4DBEE9781C957FB600996FAD /* 9.7.3 */ = {
			isa = PBXNativeTarget;
			buildConfigurationList = 4DBEE9801C957FB600996FAD /* Build configuration list for PBXNativeTarget "9.7.3" */;
			buildPhases = (
				4DBEE9751C957FB600996FAD /* Sources */,
				4DBEE9761C957FB600996FAD /* Frameworks */,
				4DBEE9771C957FB600996FAD /* CopyFiles */,
			);
			buildRules = (
			);
			dependencies = (
			);
			name = 9.7.3;
			productName = 9.7.3;
			productReference = 4DBEE9791C957FB600996FAD /* 9.7.3 */;
			productType = "com.apple.product-type.tool";
		};
/* End PBXNativeTarget section */

/* Begin PBXProject section */
		4DBEE9711C957FB600996FAD /* Project object */ = {
			isa = PBXProject;
			attributes = {
				LastUpgradeCheck = 0720;
				ORGANIZATIONNAME = "杨庆";
				TargetAttributes = {
					4DBEE9781C957FB600996FAD = {
						CreatedOnToolsVersion = 7.2.1;
					};
				};
			};
			buildConfigurationList = 4DBEE9741C957FB600996FAD /* Build configuration list for PBXProject "9.7.3" */;
			compatibilityVersion = "Xcode 3.2";
			developmentRegion = English;
			hasScannedForEncodings = 0;
			knownRegions = (
				en,
			);
			mainGroup = 4DBEE9701C957FB600996FAD;
			productRefGroup = 4DBEE97A1C957FB600996FAD /* Products */;
			projectDirPath = "";
			projectRoot = "";
			targets = (
				4DBEE9781C957FB600996FAD /* 9.7.3 */,
			);
		};
/* End PBXProject section */

/* Begin PBXSourcesBuildPhase section */
		4DBEE9751C957FB600996FAD /* Sources */ = {
			isa = PBXSourcesBuildPhase;
			buildActionMask = 2147483647;
			files = (
				4DBEE97D1C957FB600996FAD /* main.m in Sources */,
				4DBEE9851C957FC100996FAD /* XYPoint.m in Sources */,
				4DBEE9881C9581DB00996FAD /* Rectangle.m in Sources */,
			);
			runOnlyForDeploymentPostprocessing = 0;
		};
/* End PBXSourcesBuildPhase section */

/* Begin XCBuildConfiguration section */
		4DBEE97E1C957FB600996FAD /* Debug */ = {
			isa = XCBuildConfiguration;
			buildSettings = {
				ALWAYS_SEARCH_USER_PATHS = NO;
				CLANG_CXX_LANGUAGE_STANDARD = "gnu++0x";
				CLANG_CXX_LIBRARY = "libc++";
				CLANG_ENABLE_MODULES = YES;
				CLANG_ENABLE_OBJC_ARC = YES;
				CLANG_WARN_BOOL_CONVERSION = YES;
				CLANG_WARN_CONSTANT_CONVERSION = YES;
				CLANG_WARN_DIRECT_OBJC_ISA_USAGE = YES_ERROR;
				CLANG_WARN_EMPTY_BODY = YES;
				CLANG_WARN_ENUM_CONVERSION = YES;
				CLANG_WARN_INT_CONVERSION = YES;
				CLANG_WARN_OBJC_ROOT_CLASS = YES_ERROR;
				CLANG_WARN_UNREACHABLE_CODE = YES;
				CLANG_WARN__DUPLICATE_METHOD_MATCH = YES;
				CODE_SIGN_IDENTITY = "-";
				COPY_PHASE_STRIP = NO;
				DEBUG_INFORMATION_FORMAT = dwarf;
				ENABLE_STRICT_OBJC_MSGSEND = YES;
				ENABLE_TESTABILITY = YES;
				GCC_C_LANGUAGE_STANDARD = gnu99;
				GCC_DYNAMIC_NO_PIC = NO;
				GCC_NO_COMMON_BLOCKS = YES;
				GCC_OPTIMIZATION_LEVEL = 0;
				GCC_PREPROCESSOR_DEFINITIONS = (
					"DEBUG=1",
					"$(inherited)",
				);
				GCC_WARN_64_TO_32_BIT_CONVERSION = YES;
				GCC_WARN_ABOUT_RETURN_TYPE = YES_ERROR;
				GCC_WARN_UNDECLARED_SELECTOR = YES;
				GCC_WARN_UNINITIALIZED_AUTOS = YES_AGGRESSIVE;
				GCC_WARN_UNUSED_FUNCTION = YES;
				GCC_WARN_UNUSED_VARIABLE = YES;
				MACOSX_DEPLOYMENT_TARGET = 10.11;
				MTL_ENABLE_DEBUG_INFO = YES;
				ONLY_ACTIVE_ARCH = YES;
				SDKROOT = macosx;
			};
			name = Debug;
		};
		4DBEE97F1C957FB600996FAD /* Release */ = {
			isa = XCBuildConfiguration;
			buildSettings = {
				ALWAYS_SEARCH_USER_PATHS = NO;
				CLANG_CXX_LANGUAGE_STANDARD = "gnu++0x";
				CLANG_CXX_LIBRARY = "libc++";
				CLANG_ENABLE_MODULES = YES;
				CLANG_ENABLE_OBJC_ARC = YES;
				CLANG_WARN_BOOL_CONVERSION = YES;
				CLANG_WARN_CONSTANT_CONVERSION = YES;
				CLANG_WARN_DIRECT_OBJC_ISA_USAGE = YES_ERROR;
				CLANG_WARN_EMPTY_BODY = YES;
				CLANG_WARN_ENUM_CONVERSION = YES;
				CLANG_WARN_INT_CONVERSION = YES;
				CLANG_WARN_OBJC_ROOT_CLASS = YES_ERROR;
				CLANG_WARN_UNREACHABLE_CODE = YES;
				CLANG_WARN__DUPLICATE_METHOD_MATCH = YES;
				CODE_SIGN_IDENTITY = "-";
				COPY_PHASE_STRIP = NO;
				DEBUG_INFORMATION_FORMAT = "dwarf-with-dsym";
				ENABLE_NS_ASSERTIONS = NO;
				ENABLE_STRICT_OBJC_MSGSEND = YES;
				GCC_C_LANGUAGE_STANDARD = gnu99;
				GCC_NO_COMMON_BLOCKS = YES;
				GCC_WARN_64_TO_32_BIT_CONVERSION = YES;
				GCC_WARN_ABOUT_RETURN_TYPE = YES_ERROR;
				GCC_WARN_UNDECLARED_SELECTOR = YES;
				GCC_WARN_UNINITIALIZED_AUTOS = YES_AGGRESSIVE;
				GCC_WARN_UNUSED_FUNCTION = YES;
				GCC_WARN_UNUSED_VARIABLE = YES;
				MACOSX_DEPLOYMENT_TARGET = 10.11;
				MTL_ENABLE_DEBUG_INFO = NO;
				SDKROOT = macosx;
			};
			name = Release;
		};
		4DBEE9811C957FB600996FAD /* Debug */ = {
			isa = XCBuildConfiguration;
			buildSettings = {
				PRODUCT_NAME = "$(TARGET_NAME)";
			};
			name = Debug;
		};
		4DBEE9821C957FB600996FAD /* Release */ = {
			isa = XCBuildConfiguration;
			buildSettings = {
				PRODUCT_NAME = "$(TARGET_NAME)";
			};
			name = Release;
		};
/* End XCBuildConfiguration section */

/* Begin XCConfigurationList section */
		4DBEE9741C957FB600996FAD /* Build configuration list for PBXProject "9.7.3" */ = {
			isa = XCConfigurationList;
			buildConfigurations = (
				4DBEE97E1C957FB600996FAD /* Debug */,
				4DBEE97F1C957FB600996FAD /* Release */,
			);
			defaultConfigurationIsVisible = 0;
			defaultConfigurationName = Release;
		};
		4DBEE9801C957FB600996FAD /* Build configuration list for PBXNativeTarget "9.7.3" */ = {
			isa = XCConfigurationList;
			buildConfigurations = (
				4DBEE9811C957FB600996FAD /* Debug */,
				4DBEE9821C957FB600996FAD /* Release */,
			);
			defaultConfigurationIsVisible = 0;
		};
/* End XCConfigurationList section */
	};
	rootObject = 4DBEE9711C957FB600996FAD /* Project object */;
}
