// !$*UTF8*$!
{
	archiveVersion = 1;
	classes = {
	};
	objectVersion = 46;
	objects = {

/* Begin PBXBuildFile section */
		4D153B9C1C846DDB007B2CE7 /* main.m in Sources */ = {isa = PBXBuildFile; fileRef = 4D153B9B1C846DDB007B2CE7 /* main.m */; };
		4D153B9F1C846DDB007B2CE7 /* AppDelegate.m in Sources */ = {isa = PBXBuildFile; fileRef = 4D153B9E1C846DDB007B2CE7 /* AppDelegate.m */; };
		4D153BA21C846DDB007B2CE7 /* ViewController.m in Sources */ = {isa = PBXBuildFile; fileRef = 4D153BA11C846DDB007B2CE7 /* ViewController.m */; };
		4D153BA51C846DDB007B2CE7 /* Main.storyboard in Resources */ = {isa = PBXBuildFile; fileRef = 4D153BA31C846DDB007B2CE7 /* Main.storyboard */; };
		4D153BA71C846DDB007B2CE7 /* Assets.xcassets in Resources */ = {isa = PBXBuildFile; fileRef = 4D153BA61C846DDB007B2CE7 /* Assets.xcassets */; };
		4D153BAA1C846DDB007B2CE7 /* LaunchScreen.storyboard in Resources */ = {isa = PBXBuildFile; fileRef = 4D153BA81C846DDB007B2CE7 /* LaunchScreen.storyboard */; };
		4D153BB51C846DDB007B2CE7 /* __5_1_4Tests.m in Sources */ = {isa = PBXBuildFile; fileRef = 4D153BB41C846DDB007B2CE7 /* __5_1_4Tests.m */; };
		4D153BC01C846DDB007B2CE7 /* __5_1_4UITests.m in Sources */ = {isa = PBXBuildFile; fileRef = 4D153BBF1C846DDB007B2CE7 /* __5_1_4UITests.m */; };
/* End PBXBuildFile section */

/* Begin PBXContainerItemProxy section */
		4D153BB11C846DDB007B2CE7 /* PBXContainerItemProxy */ = {
			isa = PBXContainerItemProxy;
			containerPortal = 4D153B8F1C846DDB007B2CE7 /* Project object */;
			proxyType = 1;
			remoteGlobalIDString = 4D153B961C846DDB007B2CE7;
			remoteInfo = "2.5.1-4";
		};
		4D153BBC1C846DDB007B2CE7 /* PBXContainerItemProxy */ = {
			isa = PBXContainerItemProxy;
			containerPortal = 4D153B8F1C846DDB007B2CE7 /* Project object */;
			proxyType = 1;
			remoteGlobalIDString = 4D153B961C846DDB007B2CE7;
			remoteInfo = "2.5.1-4";
		};
/* End PBXContainerItemProxy section */

/* Begin PBXFileReference section */
		4D153B971C846DDB007B2CE7 /* 2.5.1-4.app */ = {isa = PBXFileReference; explicitFileType = wrapper.application; includeInIndex = 0; path = "2.5.1-4.app"; sourceTree = BUILT_PRODUCTS_DIR; };
		4D153B9B1C846DDB007B2CE7 /* main.m */ = {isa = PBXFileReference; lastKnownFileType = sourcecode.c.objc; path = main.m; sourceTree = "<group>"; };
		4D153B9D1C846DDB007B2CE7 /* AppDelegate.h */ = {isa = PBXFileReference; lastKnownFileType = sourcecode.c.h; path = AppDelegate.h; sourceTree = "<group>"; };
		4D153B9E1C846DDB007B2CE7 /* AppDelegate.m */ = {isa = PBXFileReference; lastKnownFileType = sourcecode.c.objc; path = AppDelegate.m; sourceTree = "<group>"; };
		4D153BA01C846DDB007B2CE7 /* ViewController.h */ = {isa = PBXFileReference; lastKnownFileType = sourcecode.c.h; path = ViewController.h; sourceTree = "<group>"; };
		4D153BA11C846DDB007B2CE7 /* ViewController.m */ = {isa = PBXFileReference; lastKnownFileType = sourcecode.c.objc; path = ViewController.m; sourceTree = "<group>"; };
		4D153BA41C846DDB007B2CE7 /* Base */ = {isa = PBXFileReference; lastKnownFileType = file.storyboard; name = Base; path = Base.lproj/Main.storyboard; sourceTree = "<group>"; };
		4D153BA61C846DDB007B2CE7 /* Assets.xcassets */ = {isa = PBXFileReference; lastKnownFileType = folder.assetcatalog; path = Assets.xcassets; sourceTree = "<group>"; };
		4D153BA91C846DDB007B2CE7 /* Base */ = {isa = PBXFileReference; lastKnownFileType = file.storyboard; name = Base; path = Base.lproj/LaunchScreen.storyboard; sourceTree = "<group>"; };
		4D153BAB1C846DDB007B2CE7 /* Info.plist */ = {isa = PBXFileReference; lastKnownFileType = text.plist.xml; path = Info.plist; sourceTree = "<group>"; };
		4D153BB01C846DDB007B2CE7 /* 2.5.1-4Tests.xctest */ = {isa = PBXFileReference; explicitFileType = wrapper.cfbundle; includeInIndex = 0; path = "2.5.1-4Tests.xctest"; sourceTree = BUILT_PRODUCTS_DIR; };
		4D153BB41C846DDB007B2CE7 /* __5_1_4Tests.m */ = {isa = PBXFileReference; lastKnownFileType = sourcecode.c.objc; path = __5_1_4Tests.m; sourceTree = "<group>"; };
		4D153BB61C846DDB007B2CE7 /* Info.plist */ = {isa = PBXFileReference; lastKnownFileType = text.plist.xml; path = Info.plist; sourceTree = "<group>"; };
		4D153BBB1C846DDB007B2CE7 /* 2.5.1-4UITests.xctest */ = {isa = PBXFileReference; explicitFileType = wrapper.cfbundle; includeInIndex = 0; path = "2.5.1-4UITests.xctest"; sourceTree = BUILT_PRODUCTS_DIR; };
		4D153BBF1C846DDB007B2CE7 /* __5_1_4UITests.m */ = {isa = PBXFileReference; lastKnownFileType = sourcecode.c.objc; path = __5_1_4UITests.m; sourceTree = "<group>"; };
		4D153BC11C846DDB007B2CE7 /* Info.plist */ = {isa = PBXFileReference; lastKnownFileType = text.plist.xml; path = Info.plist; sourceTree = "<group>"; };
/* End PBXFileReference section */

/* Begin PBXFrameworksBuildPhase section */
		4D153B941C846DDB007B2CE7 /* Frameworks */ = {
			isa = PBXFrameworksBuildPhase;
			buildActionMask = 2147483647;
			files = (
			);
			runOnlyForDeploymentPostprocessing = 0;
		};
		4D153BAD1C846DDB007B2CE7 /* Frameworks */ = {
			isa = PBXFrameworksBuildPhase;
			buildActionMask = 2147483647;
			files = (
			);
			runOnlyForDeploymentPostprocessing = 0;
		};
		4D153BB81C846DDB007B2CE7 /* Frameworks */ = {
			isa = PBXFrameworksBuildPhase;
			buildActionMask = 2147483647;
			files = (
			);
			runOnlyForDeploymentPostprocessing = 0;
		};
/* End PBXFrameworksBuildPhase section */

/* Begin PBXGroup section */
		4D153B8E1C846DDB007B2CE7 = {
			isa = PBXGroup;
			children = (
				4D153B991C846DDB007B2CE7 /* 2.5.1-4 */,
				4D153BB31C846DDB007B2CE7 /* 2.5.1-4Tests */,
				4D153BBE1C846DDB007B2CE7 /* 2.5.1-4UITests */,
				4D153B981C846DDB007B2CE7 /* Products */,
			);
			sourceTree = "<group>";
		};
		4D153B981C846DDB007B2CE7 /* Products */ = {
			isa = PBXGroup;
			children = (
				4D153B971C846DDB007B2CE7 /* 2.5.1-4.app */,
				4D153BB01C846DDB007B2CE7 /* 2.5.1-4Tests.xctest */,
				4D153BBB1C846DDB007B2CE7 /* 2.5.1-4UITests.xctest */,
			);
			name = Products;
			sourceTree = "<group>";
		};
		4D153B991C846DDB007B2CE7 /* 2.5.1-4 */ = {
			isa = PBXGroup;
			children = (
				4D153B9D1C846DDB007B2CE7 /* AppDelegate.h */,
				4D153B9E1C846DDB007B2CE7 /* AppDelegate.m */,
				4D153BA01C846DDB007B2CE7 /* ViewController.h */,
				4D153BA11C846DDB007B2CE7 /* ViewController.m */,
				4D153BA31C846DDB007B2CE7 /* Main.storyboard */,
				4D153BA61C846DDB007B2CE7 /* Assets.xcassets */,
				4D153BA81C846DDB007B2CE7 /* LaunchScreen.storyboard */,
				4D153BAB1C846DDB007B2CE7 /* Info.plist */,
				4D153B9A1C846DDB007B2CE7 /* Supporting Files */,
			);
			path = "2.5.1-4";
			sourceTree = "<group>";
		};
		4D153B9A1C846DDB007B2CE7 /* Supporting Files */ = {
			isa = PBXGroup;
			children = (
				4D153B9B1C846DDB007B2CE7 /* main.m */,
			);
			name = "Supporting Files";
			sourceTree = "<group>";
		};
		4D153BB31C846DDB007B2CE7 /* 2.5.1-4Tests */ = {
			isa = PBXGroup;
			children = (
				4D153BB41C846DDB007B2CE7 /* __5_1_4Tests.m */,
				4D153BB61C846DDB007B2CE7 /* Info.plist */,
			);
			path = "2.5.1-4Tests";
			sourceTree = "<group>";
		};
		4D153BBE1C846DDB007B2CE7 /* 2.5.1-4UITests */ = {
			isa = PBXGroup;
			children = (
				4D153BBF1C846DDB007B2CE7 /* __5_1_4UITests.m */,
				4D153BC11C846DDB007B2CE7 /* Info.plist */,
			);
			path = "2.5.1-4UITests";
			sourceTree = "<group>";
		};
/* End PBXGroup section */

/* Begin PBXNativeTarget section */
		4D153B961C846DDB007B2CE7 /* 2.5.1-4 */ = {
			isa = PBXNativeTarget;
			buildConfigurationList = 4D153BC41C846DDB007B2CE7 /* Build configuration list for PBXNativeTarget "2.5.1-4" */;
			buildPhases = (
				4D153B931C846DDB007B2CE7 /* Sources */,
				4D153B941C846DDB007B2CE7 /* Frameworks */,
				4D153B951C846DDB007B2CE7 /* Resources */,
			);
			buildRules = (
			);
			dependencies = (
			);
			name = "2.5.1-4";
			productName = "2.5.1-4";
			productReference = 4D153B971C846DDB007B2CE7 /* 2.5.1-4.app */;
			productType = "com.apple.product-type.application";
		};
		4D153BAF1C846DDB007B2CE7 /* 2.5.1-4Tests */ = {
			isa = PBXNativeTarget;
			buildConfigurationList = 4D153BC71C846DDB007B2CE7 /* Build configuration list for PBXNativeTarget "2.5.1-4Tests" */;
			buildPhases = (
				4D153BAC1C846DDB007B2CE7 /* Sources */,
				4D153BAD1C846DDB007B2CE7 /* Frameworks */,
				4D153BAE1C846DDB007B2CE7 /* Resources */,
			);
			buildRules = (
			);
			dependencies = (
				4D153BB21C846DDB007B2CE7 /* PBXTargetDependency */,
			);
			name = "2.5.1-4Tests";
			productName = "2.5.1-4Tests";
			productReference = 4D153BB01C846DDB007B2CE7 /* 2.5.1-4Tests.xctest */;
			productType = "com.apple.product-type.bundle.unit-test";
		};
		4D153BBA1C846DDB007B2CE7 /* 2.5.1-4UITests */ = {
			isa = PBXNativeTarget;
			buildConfigurationList = 4D153BCA1C846DDB007B2CE7 /* Build configuration list for PBXNativeTarget "2.5.1-4UITests" */;
			buildPhases = (
				4D153BB71C846DDB007B2CE7 /* Sources */,
				4D153BB81C846DDB007B2CE7 /* Frameworks */,
				4D153BB91C846DDB007B2CE7 /* Resources */,
			);
			buildRules = (
			);
			dependencies = (
				4D153BBD1C846DDB007B2CE7 /* PBXTargetDependency */,
			);
			name = "2.5.1-4UITests";
			productName = "2.5.1-4UITests";
			productReference = 4D153BBB1C846DDB007B2CE7 /* 2.5.1-4UITests.xctest */;
			productType = "com.apple.product-type.bundle.ui-testing";
		};
/* End PBXNativeTarget section */

/* Begin PBXProject section */
		4D153B8F1C846DDB007B2CE7 /* Project object */ = {
			isa = PBXProject;
			attributes = {
				LastUpgradeCheck = 0720;
				ORGANIZATIONNAME = "杨庆";
				TargetAttributes = {
					4D153B961C846DDB007B2CE7 = {
						CreatedOnToolsVersion = 7.2.1;
						DevelopmentTeam = 786Y79WR39;
					};
					4D153BAF1C846DDB007B2CE7 = {
						CreatedOnToolsVersion = 7.2.1;
						DevelopmentTeam = 786Y79WR39;
						TestTargetID = 4D153B961C846DDB007B2CE7;
					};
					4D153BBA1C846DDB007B2CE7 = {
						CreatedOnToolsVersion = 7.2.1;
						DevelopmentTeam = 786Y79WR39;
						TestTargetID = 4D153B961C846DDB007B2CE7;
					};
				};
			};
			buildConfigurationList = 4D153B921C846DDB007B2CE7 /* Build configuration list for PBXProject "2.5.1-4" */;
			compatibilityVersion = "Xcode 3.2";
			developmentRegion = English;
			hasScannedForEncodings = 0;
			knownRegions = (
				en,
				Base,
			);
			mainGroup = 4D153B8E1C846DDB007B2CE7;
			productRefGroup = 4D153B981C846DDB007B2CE7 /* Products */;
			projectDirPath = "";
			projectRoot = "";
			targets = (
				4D153B961C846DDB007B2CE7 /* 2.5.1-4 */,
				4D153BAF1C846DDB007B2CE7 /* 2.5.1-4Tests */,
				4D153BBA1C846DDB007B2CE7 /* 2.5.1-4UITests */,
			);
		};
/* End PBXProject section */

/* Begin PBXResourcesBuildPhase section */
		4D153B951C846DDB007B2CE7 /* Resources */ = {
			isa = PBXResourcesBuildPhase;
			buildActionMask = 2147483647;
			files = (
				4D153BAA1C846DDB007B2CE7 /* LaunchScreen.storyboard in Resources */,
				4D153BA71C846DDB007B2CE7 /* Assets.xcassets in Resources */,
				4D153BA51C846DDB007B2CE7 /* Main.storyboard in Resources */,
			);
			runOnlyForDeploymentPostprocessing = 0;
		};
		4D153BAE1C846DDB007B2CE7 /* Resources */ = {
			isa = PBXResourcesBuildPhase;
			buildActionMask = 2147483647;
			files = (
			);
			runOnlyForDeploymentPostprocessing = 0;
		};
		4D153BB91C846DDB007B2CE7 /* Resources */ = {
			isa = PBXResourcesBuildPhase;
			buildActionMask = 2147483647;
			files = (
			);
			runOnlyForDeploymentPostprocessing = 0;
		};
/* End PBXResourcesBuildPhase section */

/* Begin PBXSourcesBuildPhase section */
		4D153B931C846DDB007B2CE7 /* Sources */ = {
			isa = PBXSourcesBuildPhase;
			buildActionMask = 2147483647;
			files = (
				4D153BA21C846DDB007B2CE7 /* ViewController.m in Sources */,
				4D153B9F1C846DDB007B2CE7 /* AppDelegate.m in Sources */,
				4D153B9C1C846DDB007B2CE7 /* main.m in Sources */,
			);
			runOnlyForDeploymentPostprocessing = 0;
		};
		4D153BAC1C846DDB007B2CE7 /* Sources */ = {
			isa = PBXSourcesBuildPhase;
			buildActionMask = 2147483647;
			files = (
				4D153BB51C846DDB007B2CE7 /* __5_1_4Tests.m in Sources */,
			);
			runOnlyForDeploymentPostprocessing = 0;
		};
		4D153BB71C846DDB007B2CE7 /* Sources */ = {
			isa = PBXSourcesBuildPhase;
			buildActionMask = 2147483647;
			files = (
				4D153BC01C846DDB007B2CE7 /* __5_1_4UITests.m in Sources */,
			);
			runOnlyForDeploymentPostprocessing = 0;
		};
/* End PBXSourcesBuildPhase section */

/* Begin PBXTargetDependency section */
		4D153BB21C846DDB007B2CE7 /* PBXTargetDependency */ = {
			isa = PBXTargetDependency;
			target = 4D153B961C846DDB007B2CE7 /* 2.5.1-4 */;
			targetProxy = 4D153BB11C846DDB007B2CE7 /* PBXContainerItemProxy */;
		};
		4D153BBD1C846DDB007B2CE7 /* PBXTargetDependency */ = {
			isa = PBXTargetDependency;
			target = 4D153B961C846DDB007B2CE7 /* 2.5.1-4 */;
			targetProxy = 4D153BBC1C846DDB007B2CE7 /* PBXContainerItemProxy */;
		};
/* End PBXTargetDependency section */

/* Begin PBXVariantGroup section */
		4D153BA31C846DDB007B2CE7 /* Main.storyboard */ = {
			isa = PBXVariantGroup;
			children = (
				4D153BA41C846DDB007B2CE7 /* Base */,
			);
			name = Main.storyboard;
			sourceTree = "<group>";
		};
		4D153BA81C846DDB007B2CE7 /* LaunchScreen.storyboard */ = {
			isa = PBXVariantGroup;
			children = (
				4D153BA91C846DDB007B2CE7 /* Base */,
			);
			name = LaunchScreen.storyboard;
			sourceTree = "<group>";
		};
/* End PBXVariantGroup section */

/* Begin XCBuildConfiguration section */
		4D153BC21C846DDB007B2CE7 /* Debug */ = {
			isa = XCBuildConfiguration;
			buildSettings = {
				ALWAYS_SEARCH_USER_PATHS = NO;
				CLANG_CXX_LANGUAGE_STANDARD = "gnu++0x";
				CLANG_CXX_LIBRARY = "libc++";
				CLANG_ENABLE_MODULES = YES;
				CLANG_ENABLE_OBJC_ARC = YES;
				CLANG_WARN_BOOL_CONVERSION = YES;
				CLANG_WARN_CONSTANT_CONVERSION = YES;
				CLANG_WARN_DIRECT_OBJC_ISA_USAGE = YES_ERROR;
				CLANG_WARN_EMPTY_BODY = YES;
				CLANG_WARN_ENUM_CONVERSION = YES;
				CLANG_WARN_INT_CONVERSION = YES;
				CLANG_WARN_OBJC_ROOT_CLASS = YES_ERROR;
				CLANG_WARN_UNREACHABLE_CODE = YES;
				CLANG_WARN__DUPLICATE_METHOD_MATCH = YES;
				"CODE_SIGN_IDENTITY[sdk=iphoneos*]" = "iPhone Developer";
				COPY_PHASE_STRIP = NO;
				DEBUG_INFORMATION_FORMAT = dwarf;
				ENABLE_STRICT_OBJC_MSGSEND = YES;
				ENABLE_TESTABILITY = YES;
				GCC_C_LANGUAGE_STANDARD = gnu99;
				GCC_DYNAMIC_NO_PIC = NO;
				GCC_NO_COMMON_BLOCKS = YES;
				GCC_OPTIMIZATION_LEVEL = 0;
				GCC_PREPROCESSOR_DEFINITIONS = (
					"DEBUG=1",
					"$(inherited)",
				);
				GCC_WARN_64_TO_32_BIT_CONVERSION = YES;
				GCC_WARN_ABOUT_RETURN_TYPE = YES_ERROR;
				GCC_WARN_UNDECLARED_SELECTOR = YES;
				GCC_WARN_UNINITIALIZED_AUTOS = YES_AGGRESSIVE;
				GCC_WARN_UNUSED_FUNCTION = YES;
				GCC_WARN_UNUSED_VARIABLE = YES;
				IPHONEOS_DEPLOYMENT_TARGET = 9.2;
				MTL_ENABLE_DEBUG_INFO = YES;
				ONLY_ACTIVE_ARCH = YES;
				SDKROOT = iphoneos;
				TARGETED_DEVICE_FAMILY = "1,2";
			};
			name = Debug;
		};
		4D153BC31C846DDB007B2CE7 /* Release */ = {
			isa = XCBuildConfiguration;
			buildSettings = {
				ALWAYS_SEARCH_USER_PATHS = NO;
				CLANG_CXX_LANGUAGE_STANDARD = "gnu++0x";
				CLANG_CXX_LIBRARY = "libc++";
				CLANG_ENABLE_MODULES = YES;
				CLANG_ENABLE_OBJC_ARC = YES;
				CLANG_WARN_BOOL_CONVERSION = YES;
				CLANG_WARN_CONSTANT_CONVERSION = YES;
				CLANG_WARN_DIRECT_OBJC_ISA_USAGE = YES_ERROR;
				CLANG_WARN_EMPTY_BODY = YES;
				CLANG_WARN_ENUM_CONVERSION = YES;
				CLANG_WARN_INT_CONVERSION = YES;
				CLANG_WARN_OBJC_ROOT_CLASS = YES_ERROR;
				CLANG_WARN_UNREACHABLE_CODE = YES;
				CLANG_WARN__DUPLICATE_METHOD_MATCH = YES;
				"CODE_SIGN_IDENTITY[sdk=iphoneos*]" = "iPhone Developer";
				COPY_PHASE_STRIP = NO;
				DEBUG_INFORMATION_FORMAT = "dwarf-with-dsym";
				ENABLE_NS_ASSERTIONS = NO;
				ENABLE_STRICT_OBJC_MSGSEND = YES;
				GCC_C_LANGUAGE_STANDARD = gnu99;
				GCC_NO_COMMON_BLOCKS = YES;
				GCC_WARN_64_TO_32_BIT_CONVERSION = YES;
				GCC_WARN_ABOUT_RETURN_TYPE = YES_ERROR;
				GCC_WARN_UNDECLARED_SELECTOR = YES;
				GCC_WARN_UNINITIALIZED_AUTOS = YES_AGGRESSIVE;
				GCC_WARN_UNUSED_FUNCTION = YES;
				GCC_WARN_UNUSED_VARIABLE = YES;
				IPHONEOS_DEPLOYMENT_TARGET = 9.2;
				MTL_ENABLE_DEBUG_INFO = NO;
				SDKROOT = iphoneos;
				TARGETED_DEVICE_FAMILY = "1,2";
				VALIDATE_PRODUCT = YES;
			};
			name = Release;
		};
		4D153BC51C846DDB007B2CE7 /* Debug */ = {
			isa = XCBuildConfiguration;
			buildSettings = {
				ASSETCATALOG_COMPILER_APPICON_NAME = AppIcon;
				INFOPLIST_FILE = "2.5.1-4/Info.plist";
				LD_RUNPATH_SEARCH_PATHS = "$(inherited) @executable_path/Frameworks";
				PRODUCT_BUNDLE_IDENTIFIER = "com.yq.--5-1-4";
				PRODUCT_NAME = "$(TARGET_NAME)";
			};
			name = Debug;
		};
		4D153BC61C846DDB007B2CE7 /* Release */ = {
			isa = XCBuildConfiguration;
			buildSettings = {
				ASSETCATALOG_COMPILER_APPICON_NAME = AppIcon;
				INFOPLIST_FILE = "2.5.1-4/Info.plist";
				LD_RUNPATH_SEARCH_PATHS = "$(inherited) @executable_path/Frameworks";
				PRODUCT_BUNDLE_IDENTIFIER = "com.yq.--5-1-4";
				PRODUCT_NAME = "$(TARGET_NAME)";
			};
			name = Release;
		};
		4D153BC81C846DDB007B2CE7 /* Debug */ = {
			isa = XCBuildConfiguration;
			buildSettings = {
				BUNDLE_LOADER = "$(TEST_HOST)";
				INFOPLIST_FILE = "2.5.1-4Tests/Info.plist";
				LD_RUNPATH_SEARCH_PATHS = "$(inherited) @executable_path/Frameworks @loader_path/Frameworks";
				PRODUCT_BUNDLE_IDENTIFIER = "com.yq.--5-1-4Tests";
				PRODUCT_NAME = "$(TARGET_NAME)";
				TEST_HOST = "$(BUILT_PRODUCTS_DIR)/2.5.1-4.app/2.5.1-4";
			};
			name = Debug;
		};
		4D153BC91C846DDB007B2CE7 /* Release */ = {
			isa = XCBuildConfiguration;
			buildSettings = {
				BUNDLE_LOADER = "$(TEST_HOST)";
				INFOPLIST_FILE = "2.5.1-4Tests/Info.plist";
				LD_RUNPATH_SEARCH_PATHS = "$(inherited) @executable_path/Frameworks @loader_path/Frameworks";
				PRODUCT_BUNDLE_IDENTIFIER = "com.yq.--5-1-4Tests";
				PRODUCT_NAME = "$(TARGET_NAME)";
				TEST_HOST = "$(BUILT_PRODUCTS_DIR)/2.5.1-4.app/2.5.1-4";
			};
			name = Release;
		};
		4D153BCB1C846DDB007B2CE7 /* Debug */ = {
			isa = XCBuildConfiguration;
			buildSettings = {
				INFOPLIST_FILE = "2.5.1-4UITests/Info.plist";
				LD_RUNPATH_SEARCH_PATHS = "$(inherited) @executable_path/Frameworks @loader_path/Frameworks";
				PRODUCT_BUNDLE_IDENTIFIER = "com.yq.--5-1-4UITests";
				PRODUCT_NAME = "$(TARGET_NAME)";
				TEST_TARGET_NAME = "2.5.1-4";
				USES_XCTRUNNER = YES;
			};
			name = Debug;
		};
		4D153BCC1C846DDB007B2CE7 /* Release */ = {
			isa = XCBuildConfiguration;
			buildSettings = {
				INFOPLIST_FILE = "2.5.1-4UITests/Info.plist";
				LD_RUNPATH_SEARCH_PATHS = "$(inherited) @executable_path/Frameworks @loader_path/Frameworks";
				PRODUCT_BUNDLE_IDENTIFIER = "com.yq.--5-1-4UITests";
				PRODUCT_NAME = "$(TARGET_NAME)";
				TEST_TARGET_NAME = "2.5.1-4";
				USES_XCTRUNNER = YES;
			};
			name = Release;
		};
/* End XCBuildConfiguration section */

/* Begin XCConfigurationList section */
		4D153B921C846DDB007B2CE7 /* Build configuration list for PBXProject "2.5.1-4" */ = {
			isa = XCConfigurationList;
			buildConfigurations = (
				4D153BC21C846DDB007B2CE7 /* Debug */,
				4D153BC31C846DDB007B2CE7 /* Release */,
			);
			defaultConfigurationIsVisible = 0;
			defaultConfigurationName = Release;
		};
		4D153BC41C846DDB007B2CE7 /* Build configuration list for PBXNativeTarget "2.5.1-4" */ = {
			isa = XCConfigurationList;
			buildConfigurations = (
				4D153BC51C846DDB007B2CE7 /* Debug */,
				4D153BC61C846DDB007B2CE7 /* Release */,
			);
			defaultConfigurationIsVisible = 0;
		};
		4D153BC71C846DDB007B2CE7 /* Build configuration list for PBXNativeTarget "2.5.1-4Tests" */ = {
			isa = XCConfigurationList;
			buildConfigurations = (
				4D153BC81C846DDB007B2CE7 /* Debug */,
				4D153BC91C846DDB007B2CE7 /* Release */,
			);
			defaultConfigurationIsVisible = 0;
		};
		4D153BCA1C846DDB007B2CE7 /* Build configuration list for PBXNativeTarget "2.5.1-4UITests" */ = {
			isa = XCConfigurationList;
			buildConfigurations = (
				4D153BCB1C846DDB007B2CE7 /* Debug */,
				4D153BCC1C846DDB007B2CE7 /* Release */,
			);
			defaultConfigurationIsVisible = 0;
		};
/* End XCConfigurationList section */
	};
	rootObject = 4D153B8F1C846DDB007B2CE7 /* Project object */;
}
